
Microsoft Visual Studio Solution File, Format Version 12.00
# Visual Studio 14
VisualStudioVersion = 14.0.24720.0
MinimumVisualStudioVersion = 10.0.40219.1
Project("{FAE04EC0-301F-11D3-BF4B-00C04F79EFBC}") = "RadiusR Customer Website", "RadiusR Customer Website\RadiusR Customer Website.csproj", "{508D8D9D-F71D-42EA-B0B4-6623C6F4A652}"
EndProject
Project("{FAE04EC0-301F-11D3-BF4B-00C04F79EFBC}") = "RadiusRCustomerWebSite.Localization", "RadiusRCustomerWebSite.Localization\RadiusRCustomerWebSite.Localization.csproj", "{A426D38B-A221-44EB-949A-DBA0E5CAE840}"
EndProject
Global
	GlobalSection(SolutionConfigurationPlatforms) = preSolution
		Debug|Any CPU = Debug|Any CPU
		Release|Any CPU = Release|Any CPU
	EndGlobalSection
	GlobalSection(ProjectConfigurationPlatforms) = postSolution
		{508D8D9D-F71D-42EA-B0B4-6623C6F4A652}.Debug|Any CPU.ActiveCfg = Debug|Any CPU
		{508D8D9D-F71D-42EA-B0B4-6623C6F4A652}.Debug|Any CPU.Build.0 = Debug|Any CPU
		{508D8D9D-F71D-42EA-B0B4-6623C6F4A652}.Release|Any CPU.ActiveCfg = Release|Any CPU
		{508D8D9D-F71D-42EA-B0B4-6623C6F4A652}.Release|Any CPU.Build.0 = Release|Any CPU
		{A426D38B-A221-44EB-949A-DBA0E5CAE840}.Debug|Any CPU.ActiveCfg = Debug|Any CPU
		{A426D38B-A221-44EB-949A-DBA0E5CAE840}.Debug|Any CPU.Build.0 = Debug|Any CPU
		{A426D38B-A221-44EB-949A-DBA0E5CAE840}.Release|Any CPU.ActiveCfg = Release|Any CPU
		{A426D38B-A221-44EB-949A-DBA0E5CAE840}.Release|Any CPU.Build.0 = Release|Any CPU
	EndGlobalSection
	GlobalSection(SolutionProperties) = preSolution
		HideSolutionNode = FALSE
	EndGlobalSection
EndGlobal
