
Microsoft Visual Studio Solution File, Format Version 12.00
# Visual Studio Version 16
VisualStudioVersion = 16.0.30717.126
MinimumVisualStudioVersion = 10.0.40219.1
Project("{FAE04EC0-301F-11D3-BF4B-00C04F79EFBC}") = "RadiusR Customer Website", "RadiusR Customer Website\RadiusR Customer Website.csproj", "{508D8D9D-F71D-42EA-B0B4-6623C6F4A652}"
EndProject
Project("{FAE04EC0-301F-11D3-BF4B-00C04F79EFBC}") = "RadiusRCustomerWebSite.Localization", "RadiusRCustomerWebSite.Localization\RadiusRCustomerWebSite.Localization.csproj", "{A426D38B-A221-44EB-949A-DBA0E5CAE840}"
EndProject
Project("{FAE04EC0-301F-11D3-BF4B-00C04F79EFBC}") = "RadiusR.API.AddressQueryAdapter", "RadiusR.API.AddressQueryAdapter\RadiusR.API.AddressQueryAdapter.csproj", "{A92EB1F3-1813-44A7-A2ED-FCA18F1CD40E}"
EndProject
Project("{FAE04EC0-301F-11D3-BF4B-00C04F79EFBC}") = "MasterISS.CustomerService", "MasterISS.CustomerService\MasterISS.CustomerService.csproj", "{F4D37296-737D-4E84-A889-85A93C41431F}"
EndProject
Global
	GlobalSection(SolutionConfigurationPlatforms) = preSolution
		Debug|Any CPU = Debug|Any CPU
		Release|Any CPU = Release|Any CPU
	EndGlobalSection
	GlobalSection(ProjectConfigurationPlatforms) = postSolution
		{508D8D9D-F71D-42EA-B0B4-6623C6F4A652}.Debug|Any CPU.ActiveCfg = Debug|Any CPU
		{508D8D9D-F71D-42EA-B0B4-6623C6F4A652}.Debug|Any CPU.Build.0 = Debug|Any CPU
		{508D8D9D-F71D-42EA-B0B4-6623C6F4A652}.Release|Any CPU.ActiveCfg = Release|Any CPU
		{508D8D9D-F71D-42EA-B0B4-6623C6F4A652}.Release|Any CPU.Build.0 = Release|Any CPU
		{A426D38B-A221-44EB-949A-DBA0E5CAE840}.Debug|Any CPU.ActiveCfg = Debug|Any CPU
		{A426D38B-A221-44EB-949A-DBA0E5CAE840}.Debug|Any CPU.Build.0 = Debug|Any CPU
		{A426D38B-A221-44EB-949A-DBA0E5CAE840}.Release|Any CPU.ActiveCfg = Release|Any CPU
		{A426D38B-A221-44EB-949A-DBA0E5CAE840}.Release|Any CPU.Build.0 = Release|Any CPU
		{A92EB1F3-1813-44A7-A2ED-FCA18F1CD40E}.Debug|Any CPU.ActiveCfg = Debug|Any CPU
		{A92EB1F3-1813-44A7-A2ED-FCA18F1CD40E}.Debug|Any CPU.Build.0 = Debug|Any CPU
		{A92EB1F3-1813-44A7-A2ED-FCA18F1CD40E}.Release|Any CPU.ActiveCfg = Release|Any CPU
		{A92EB1F3-1813-44A7-A2ED-FCA18F1CD40E}.Release|Any CPU.Build.0 = Release|Any CPU
		{F4D37296-737D-4E84-A889-85A93C41431F}.Debug|Any CPU.ActiveCfg = Debug|Any CPU
		{F4D37296-737D-4E84-A889-85A93C41431F}.Debug|Any CPU.Build.0 = Debug|Any CPU
		{F4D37296-737D-4E84-A889-85A93C41431F}.Release|Any CPU.ActiveCfg = Release|Any CPU
		{F4D37296-737D-4E84-A889-85A93C41431F}.Release|Any CPU.Build.0 = Release|Any CPU
	EndGlobalSection
	GlobalSection(SolutionProperties) = preSolution
		HideSolutionNode = FALSE
	EndGlobalSection
	GlobalSection(ExtensibilityGlobals) = postSolution
		SolutionGuid = {AA972B5E-E2F1-4ABE-84B5-40A4BCA3B9F9}
	EndGlobalSection
EndGlobal
